
Microsoft Visual Studio Solution File, Format Version 12.00
# Visual Studio Version 16
VisualStudioVersion = 16.6.30114.105
MinimumVisualStudioVersion = 10.0.40219.1
Project("{AA74CE52-6BFE-4E9F-B77E-D1B6EC3D18CB}") = "TransliterationAPI", "TransliterationAPI\TransliterationAPI.csproj", "{7D085A24-05C7-49CC-8F2F-1465D01B1C6C}"
EndProject
Global
	GlobalSection(SolutionConfigurationPlatforms) = preSolution
		Debug|Any CPU = Debug|Any CPU
		Debug|x64 = Debug|x64
		Debug|x86 = Debug|x86
		Release|Any CPU = Release|Any CPU
		Release|x64 = Release|x64
		Release|x86 = Release|x86
	EndGlobalSection
	GlobalSection(SolutionProperties) = preSolution
		HideSolutionNode = FALSE
	EndGlobalSection
	GlobalSection(ProjectConfigurationPlatforms) = postSolution
		{7D085A24-05C7-49CC-8F2F-1465D01B1C6C}.Debug|Any CPU.ActiveCfg = Debug|Any CPU
		{7D085A24-05C7-49CC-8F2F-1465D01B1C6C}.Debug|Any CPU.Build.0 = Debug|Any CPU
		{7D085A24-05C7-49CC-8F2F-1465D01B1C6C}.Debug|x64.ActiveCfg = Debug|Any CPU
		{7D085A24-05C7-49CC-8F2F-1465D01B1C6C}.Debug|x64.Build.0 = Debug|Any CPU
		{7D085A24-05C7-49CC-8F2F-1465D01B1C6C}.Debug|x86.ActiveCfg = Debug|Any CPU
		{7D085A24-05C7-49CC-8F2F-1465D01B1C6C}.Debug|x86.Build.0 = Debug|Any CPU
		{7D085A24-05C7-49CC-8F2F-1465D01B1C6C}.Release|Any CPU.ActiveCfg = Release|Any CPU
		{7D085A24-05C7-49CC-8F2F-1465D01B1C6C}.Release|Any CPU.Build.0 = Release|Any CPU
		{7D085A24-05C7-49CC-8F2F-1465D01B1C6C}.Release|x64.ActiveCfg = Release|Any CPU
		{7D085A24-05C7-49CC-8F2F-1465D01B1C6C}.Release|x64.Build.0 = Release|Any CPU
		{7D085A24-05C7-49CC-8F2F-1465D01B1C6C}.Release|x86.ActiveCfg = Release|Any CPU
		{7D085A24-05C7-49CC-8F2F-1465D01B1C6C}.Release|x86.Build.0 = Release|Any CPU
	EndGlobalSection
EndGlobal
